// !$*UTF8*$!
{
	archiveVersion = 1;
	classes = {
	};
	objectVersion = 46;
	objects = {

/* Begin PBXBuildFile section */
		0B06A30AA33E4B98B719B1A6 /* libPods.a in Frameworks */ = {isa = PBXBuildFile; fileRef = 0BB7845B60EB408D8CC9B164 /* libPods.a */; };
		BF4902BE19AF848500071AF0 /* PCDefines.m in Sources */ = {isa = PBXBuildFile; fileRef = BF4902BD19AF848500071AF0 /* PCDefines.m */; };
		BF4D127819BCB10800B7CF92 /* PCSessionTableViewController.m in Sources */ = {isa = PBXBuildFile; fileRef = BF4D127719BCB10800B7CF92 /* PCSessionTableViewController.m */; };
		BF6FEF8D19D9BAB3009F2A8A /* Version.m in Sources */ = {isa = PBXBuildFile; fileRef = BF6FEF8C19D9BAB3009F2A8A /* Version.m */; };
		BF6FEFC219E0D7EA009F2A8A /* Staff.m in Sources */ = {isa = PBXBuildFile; fileRef = BF6FEFC119E0D7EA009F2A8A /* Staff.m */; };
		BF6FEFC519E0D7EA009F2A8A /* StaffDepartmentRelation.m in Sources */ = {isa = PBXBuildFile; fileRef = BF6FEFC419E0D7EA009F2A8A /* StaffDepartmentRelation.m */; };
		BF6FEFC819E0D7EA009F2A8A /* SponsorType.m in Sources */ = {isa = PBXBuildFile; fileRef = BF6FEFC719E0D7EA009F2A8A /* SponsorType.m */; };
		BF6FEFCB19E0D7EB009F2A8A /* Department.m in Sources */ = {isa = PBXBuildFile; fileRef = BF6FEFCA19E0D7EB009F2A8A /* Department.m */; };
		BF6FEFCE19E0D7EB009F2A8A /* News.m in Sources */ = {isa = PBXBuildFile; fileRef = BF6FEFCD19E0D7EB009F2A8A /* News.m */; };
		BF6FEFD119E0D7EB009F2A8A /* Session.m in Sources */ = {isa = PBXBuildFile; fileRef = BF6FEFD019E0D7EB009F2A8A /* Session.m */; };
		BF6FEFD419E0D7EB009F2A8A /* Sponsor.m in Sources */ = {isa = PBXBuildFile; fileRef = BF6FEFD319E0D7EB009F2A8A /* Sponsor.m */; };
		BF6FEFD719E0D7EB009F2A8A /* Conference.m in Sources */ = {isa = PBXBuildFile; fileRef = BF6FEFD619E0D7EB009F2A8A /* Conference.m */; };
		BF6FEFDA19E0D7EB009F2A8A /* Speaker.m in Sources */ = {isa = PBXBuildFile; fileRef = BF6FEFD919E0D7EB009F2A8A /* Speaker.m */; };
		BF6FEFDD19E0D7EB009F2A8A /* AppStaff.m in Sources */ = {isa = PBXBuildFile; fileRef = BF6FEFDC19E0D7EB009F2A8A /* AppStaff.m */; };
		BF6FEFE019E6ED72009F2A8A /* UILabel+height.m in Sources */ = {isa = PBXBuildFile; fileRef = BF6FEFDF19E6ED72009F2A8A /* UILabel+height.m */; };
		BF9083BE19C491E4008F286F /* PCSessionDetailViewController.m in Sources */ = {isa = PBXBuildFile; fileRef = BF9083BD19C491E4008F286F /* PCSessionDetailViewController.m */; };
		BF9083C219C49C3B008F286F /* PCSessionDetailCellManager.m in Sources */ = {isa = PBXBuildFile; fileRef = BF9083C119C49C3B008F286F /* PCSessionDetailCellManager.m */; };
		BF9083C519C49DCD008F286F /* PCSessionDetailCell.m in Sources */ = {isa = PBXBuildFile; fileRef = BF9083C419C49DCD008F286F /* PCSessionDetailCell.m */; };
		BF9083C819C535F6008F286F /* PCHUDManager.m in Sources */ = {isa = PBXBuildFile; fileRef = BF9083C719C535F6008F286F /* PCHUDManager.m */; };
		BF9083CC19C5D730008F286F /* NotoSansCJKtc-Bold.otf in Resources */ = {isa = PBXBuildFile; fileRef = BF9083CA19C5D730008F286F /* NotoSansCJKtc-Bold.otf */; };
		BF9083CD19C5D730008F286F /* NotoSansCJKtc-DemiLight.otf in Resources */ = {isa = PBXBuildFile; fileRef = BF9083CB19C5D730008F286F /* NotoSansCJKtc-DemiLight.otf */; };
		BF9083D019C5D7C3008F286F /* UIFont+PHPConfAdditions.m in Sources */ = {isa = PBXBuildFile; fileRef = BF9083CF19C5D7C3008F286F /* UIFont+PHPConfAdditions.m */; };
		BF9083D419C5E869008F286F /* PCNewsCell.m in Sources */ = {isa = PBXBuildFile; fileRef = BF9083D319C5E869008F286F /* PCNewsCell.m */; };
		BF9083D819C71C59008F286F /* PCMainTitleCell.m in Sources */ = {isa = PBXBuildFile; fileRef = BF9083D719C71C59008F286F /* PCMainTitleCell.m */; };
		BF9083DB19C71D93008F286F /* PCInfoPHPConfViewController.m in Sources */ = {isa = PBXBuildFile; fileRef = BF9083DA19C71D93008F286F /* PCInfoPHPConfViewController.m */; };
		BF9083DE19C720B8008F286F /* PCContentCell.m in Sources */ = {isa = PBXBuildFile; fileRef = BF9083DD19C720B8008F286F /* PCContentCell.m */; };
		BF9083E119C7245A008F286F /* PCInfoSponsorViewController.m in Sources */ = {isa = PBXBuildFile; fileRef = BF9083E019C7245A008F286F /* PCInfoSponsorViewController.m */; };
		BF9083E419C725F9008F286F /* PCInfoStaffViewController.m in Sources */ = {isa = PBXBuildFile; fileRef = BF9083E319C725F9008F286F /* PCInfoStaffViewController.m */; };
		BF9083E719C7276B008F286F /* PCVenueMapMainViewController.m in Sources */ = {isa = PBXBuildFile; fileRef = BF9083E619C7276B008F286F /* PCVenueMapMainViewController.m */; };
		BF9083EA19C72ECD008F286F /* PCSecondaryTitleCell.m in Sources */ = {isa = PBXBuildFile; fileRef = BF9083E919C72ECD008F286F /* PCSecondaryTitleCell.m */; };
		BF9083EE19C7333C008F286F /* PCMapCell.m in Sources */ = {isa = PBXBuildFile; fileRef = BF9083ED19C7333C008F286F /* PCMapCell.m */; };
		BF9083F319C87E02008F286F /* PCSessionVenueADataSource.m in Sources */ = {isa = PBXBuildFile; fileRef = BF9083F219C87E02008F286F /* PCSessionVenueADataSource.m */; };
		BF9083F619C87E39008F286F /* PCSessionVenueBDataSource.m in Sources */ = {isa = PBXBuildFile; fileRef = BF9083F519C87E39008F286F /* PCSessionVenueBDataSource.m */; };
		BF9083F819C8935D008F286F /* tab_icon.pdf in Resources */ = {isa = PBXBuildFile; fileRef = BF9083F719C8935D008F286F /* tab_icon.pdf */; };
		BF9083FE19C8A133008F286F /* Icon-60@2x.png in Resources */ = {isa = PBXBuildFile; fileRef = BF9083FA19C8A133008F286F /* Icon-60@2x.png */; };
		BF9083FF19C8A133008F286F /* Icon-60@3x.png in Resources */ = {isa = PBXBuildFile; fileRef = BF9083FB19C8A133008F286F /* Icon-60@3x.png */; };
		BF90840019C8A133008F286F /* Icon-Small-40@2x.png in Resources */ = {isa = PBXBuildFile; fileRef = BF9083FC19C8A133008F286F /* Icon-Small-40@2x.png */; };
		BF90840119C8A133008F286F /* Icon-Small@2x.png in Resources */ = {isa = PBXBuildFile; fileRef = BF9083FD19C8A133008F286F /* Icon-Small@2x.png */; };
		BF90840519C8A2ED008F286F /* Icon-Small.png in Resources */ = {isa = PBXBuildFile; fileRef = BF90840219C8A2ED008F286F /* Icon-Small.png */; };
		BF90840619C8A2ED008F286F /* Icon.png in Resources */ = {isa = PBXBuildFile; fileRef = BF90840319C8A2ED008F286F /* Icon.png */; };
		BF90840719C8A2ED008F286F /* icon@2x.png in Resources */ = {isa = PBXBuildFile; fileRef = BF90840419C8A2ED008F286F /* icon@2x.png */; };
		BF90840A19C8A3D5008F286F /* Icon-Small-40@3x.png in Resources */ = {isa = PBXBuildFile; fileRef = BF90840819C8A3D5008F286F /* Icon-Small-40@3x.png */; };
		BF90840B19C8A3D5008F286F /* Icon-Small@3x.png in Resources */ = {isa = PBXBuildFile; fileRef = BF90840919C8A3D5008F286F /* Icon-Small@3x.png */; };
		BF90841119C8A957008F286F /* Default-568h@2x.png in Resources */ = {isa = PBXBuildFile; fileRef = BF90840D19C8A957008F286F /* Default-568h@2x.png */; };
		BF90841219C8A957008F286F /* Default-640h@3x.png in Resources */ = {isa = PBXBuildFile; fileRef = BF90840E19C8A957008F286F /* Default-640h@3x.png */; };
		BF90841319C8A957008F286F /* Default-667h@2x.png in Resources */ = {isa = PBXBuildFile; fileRef = BF90840F19C8A957008F286F /* Default-667h@2x.png */; };
		BF90841419C8A957008F286F /* Default@2x.png in Resources */ = {isa = PBXBuildFile; fileRef = BF90841019C8A957008F286F /* Default@2x.png */; };
		BFB46A1319AB87A700922636 /* Foundation.framework in Frameworks */ = {isa = PBXBuildFile; fileRef = BFB46A1219AB87A700922636 /* Foundation.framework */; };
		BFB46A1519AB87A700922636 /* CoreGraphics.framework in Frameworks */ = {isa = PBXBuildFile; fileRef = BFB46A1419AB87A700922636 /* CoreGraphics.framework */; };
		BFB46A1719AB87A700922636 /* UIKit.framework in Frameworks */ = {isa = PBXBuildFile; fileRef = BFB46A1619AB87A700922636 /* UIKit.framework */; };
		BFB46A1D19AB87A700922636 /* InfoPlist.strings in Resources */ = {isa = PBXBuildFile; fileRef = BFB46A1B19AB87A700922636 /* InfoPlist.strings */; };
		BFB46A1F19AB87A700922636 /* main.m in Sources */ = {isa = PBXBuildFile; fileRef = BFB46A1E19AB87A700922636 /* main.m */; };
		BFB46A2319AB87A700922636 /* PCAppDelegate.m in Sources */ = {isa = PBXBuildFile; fileRef = BFB46A2219AB87A700922636 /* PCAppDelegate.m */; };
		BFB46A2519AB87A700922636 /* Images.xcassets in Resources */ = {isa = PBXBuildFile; fileRef = BFB46A2419AB87A700922636 /* Images.xcassets */; };
		BFB46A2C19AB87A700922636 /* XCTest.framework in Frameworks */ = {isa = PBXBuildFile; fileRef = BFB46A2B19AB87A700922636 /* XCTest.framework */; };
		BFB46A2D19AB87A700922636 /* Foundation.framework in Frameworks */ = {isa = PBXBuildFile; fileRef = BFB46A1219AB87A700922636 /* Foundation.framework */; };
		BFB46A2E19AB87A700922636 /* UIKit.framework in Frameworks */ = {isa = PBXBuildFile; fileRef = BFB46A1619AB87A700922636 /* UIKit.framework */; };
		BFB46A3619AB87A700922636 /* InfoPlist.strings in Resources */ = {isa = PBXBuildFile; fileRef = BFB46A3419AB87A700922636 /* InfoPlist.strings */; };
		BFB46A3819AB87A700922636 /* PHPConf2014Tests.m in Sources */ = {isa = PBXBuildFile; fileRef = BFB46A3719AB87A700922636 /* PHPConf2014Tests.m */; };
		BFBEC34019B4CD6800AA41EA /* UIColor+PHPConfAdditions.m in Sources */ = {isa = PBXBuildFile; fileRef = BFBEC33F19B4CD6800AA41EA /* UIColor+PHPConfAdditions.m */; };
		BFBEC35119B8B76600AA41EA /* PCSessionListsViewController.m in Sources */ = {isa = PBXBuildFile; fileRef = BFBEC35019B8B76600AA41EA /* PCSessionListsViewController.m */; };
		BFBEC35419B8B78A00AA41EA /* PCVenueMapsViewController.m in Sources */ = {isa = PBXBuildFile; fileRef = BFBEC35319B8B78A00AA41EA /* PCVenueMapsViewController.m */; };
		BFBEC35719B8B79B00AA41EA /* PCNewsListViewController.m in Sources */ = {isa = PBXBuildFile; fileRef = BFBEC35619B8B79B00AA41EA /* PCNewsListViewController.m */; };
		BFBEC35A19B8B7C100AA41EA /* PCInfoListsViewController.m in Sources */ = {isa = PBXBuildFile; fileRef = BFBEC35919B8B7C100AA41EA /* PCInfoListsViewController.m */; };
		BFBEC35E19B8C89200AA41EA /* PCTopTabBarController.m in Sources */ = {isa = PBXBuildFile; fileRef = BFBEC35D19B8C89200AA41EA /* PCTopTabBarController.m */; };
		BFBEC36219BAE13300AA41EA /* PCTopTabBar.m in Sources */ = {isa = PBXBuildFile; fileRef = BFBEC36119BAE13300AA41EA /* PCTopTabBar.m */; };
		BFBEC36519BAE2F100AA41EA /* PCTopTabBarItem.m in Sources */ = {isa = PBXBuildFile; fileRef = BFBEC36419BAE2F100AA41EA /* PCTopTabBarItem.m */; };
		BFE1F38819D327E4000569C9 /* PHPConf.xcdatamodeld in Sources */ = {isa = PBXBuildFile; fileRef = BFE1F38619D327E4000569C9 /* PHPConf.xcdatamodeld */; };
		BFE1F38C19D3297B000569C9 /* Venue.m in Sources */ = {isa = PBXBuildFile; fileRef = BFE1F38B19D3297B000569C9 /* Venue.m */; };
		BFE5E57E19BF40AF0014FB07 /* PCSessionCell.m in Sources */ = {isa = PBXBuildFile; fileRef = BFE5E57D19BF40AF0014FB07 /* PCSessionCell.m */; };
		BFE5E58219C1E9770014FB07 /* avatar_placeholder.png in Resources */ = {isa = PBXBuildFile; fileRef = BFE5E58019C1E9770014FB07 /* avatar_placeholder.png */; };
		BFE5E58319C1E9770014FB07 /* avatar_placeholder@2x.png in Resources */ = {isa = PBXBuildFile; fileRef = BFE5E58119C1E9770014FB07 /* avatar_placeholder@2x.png */; };
		BFE918F019AF73E5008925C3 /* PCDataSpecDefines.m in Sources */ = {isa = PBXBuildFile; fileRef = BFE918EF19AF73E5008925C3 /* PCDataSpecDefines.m */; };
/* End PBXBuildFile section */

/* Begin PBXContainerItemProxy section */
		BFB46A2F19AB87A700922636 /* PBXContainerItemProxy */ = {
			isa = PBXContainerItemProxy;
			containerPortal = BFB46A0719AB87A700922636 /* Project object */;
			proxyType = 1;
			remoteGlobalIDString = BFB46A0E19AB87A700922636;
			remoteInfo = PHPConf2014;
		};
/* End PBXContainerItemProxy section */

/* Begin PBXFileReference section */
		0BB7845B60EB408D8CC9B164 /* libPods.a */ = {isa = PBXFileReference; explicitFileType = archive.ar; includeInIndex = 0; path = libPods.a; sourceTree = BUILT_PRODUCTS_DIR; };
		20498DCA9BA64EF59BB0A95F /* Pods.xcconfig */ = {isa = PBXFileReference; includeInIndex = 1; lastKnownFileType = text.xcconfig; name = Pods.xcconfig; path = Pods/Pods.xcconfig; sourceTree = "<group>"; };
		BF4902BC19AF848500071AF0 /* PCDefines.h */ = {isa = PBXFileReference; fileEncoding = 4; lastKnownFileType = sourcecode.c.h; path = PCDefines.h; sourceTree = "<group>"; };
		BF4902BD19AF848500071AF0 /* PCDefines.m */ = {isa = PBXFileReference; fileEncoding = 4; lastKnownFileType = sourcecode.c.objc; path = PCDefines.m; sourceTree = "<group>"; };
		BF4D127619BCB10800B7CF92 /* PCSessionTableViewController.h */ = {isa = PBXFileReference; fileEncoding = 4; lastKnownFileType = sourcecode.c.h; path = PCSessionTableViewController.h; sourceTree = "<group>"; };
		BF4D127719BCB10800B7CF92 /* PCSessionTableViewController.m */ = {isa = PBXFileReference; fileEncoding = 4; lastKnownFileType = sourcecode.c.objc; path = PCSessionTableViewController.m; sourceTree = "<group>"; };
		BF6FEF8B19D9BAB3009F2A8A /* Version.h */ = {isa = PBXFileReference; fileEncoding = 4; lastKnownFileType = sourcecode.c.h; path = Version.h; sourceTree = "<group>"; };
		BF6FEF8C19D9BAB3009F2A8A /* Version.m */ = {isa = PBXFileReference; fileEncoding = 4; lastKnownFileType = sourcecode.c.objc; path = Version.m; sourceTree = "<group>"; };
		BF6FEFC019E0D7EA009F2A8A /* Staff.h */ = {isa = PBXFileReference; fileEncoding = 4; lastKnownFileType = sourcecode.c.h; path = Staff.h; sourceTree = "<group>"; };
		BF6FEFC119E0D7EA009F2A8A /* Staff.m */ = {isa = PBXFileReference; fileEncoding = 4; lastKnownFileType = sourcecode.c.objc; path = Staff.m; sourceTree = "<group>"; };
		BF6FEFC319E0D7EA009F2A8A /* StaffDepartmentRelation.h */ = {isa = PBXFileReference; fileEncoding = 4; lastKnownFileType = sourcecode.c.h; path = StaffDepartmentRelation.h; sourceTree = "<group>"; };
		BF6FEFC419E0D7EA009F2A8A /* StaffDepartmentRelation.m */ = {isa = PBXFileReference; fileEncoding = 4; lastKnownFileType = sourcecode.c.objc; path = StaffDepartmentRelation.m; sourceTree = "<group>"; };
		BF6FEFC619E0D7EA009F2A8A /* SponsorType.h */ = {isa = PBXFileReference; fileEncoding = 4; lastKnownFileType = sourcecode.c.h; path = SponsorType.h; sourceTree = "<group>"; };
		BF6FEFC719E0D7EA009F2A8A /* SponsorType.m */ = {isa = PBXFileReference; fileEncoding = 4; lastKnownFileType = sourcecode.c.objc; path = SponsorType.m; sourceTree = "<group>"; };
		BF6FEFC919E0D7EB009F2A8A /* Department.h */ = {isa = PBXFileReference; fileEncoding = 4; lastKnownFileType = sourcecode.c.h; path = Department.h; sourceTree = "<group>"; };
		BF6FEFCA19E0D7EB009F2A8A /* Department.m */ = {isa = PBXFileReference; fileEncoding = 4; lastKnownFileType = sourcecode.c.objc; path = Department.m; sourceTree = "<group>"; };
		BF6FEFCC19E0D7EB009F2A8A /* News.h */ = {isa = PBXFileReference; fileEncoding = 4; lastKnownFileType = sourcecode.c.h; path = News.h; sourceTree = "<group>"; };
		BF6FEFCD19E0D7EB009F2A8A /* News.m */ = {isa = PBXFileReference; fileEncoding = 4; lastKnownFileType = sourcecode.c.objc; path = News.m; sourceTree = "<group>"; };
		BF6FEFCF19E0D7EB009F2A8A /* Session.h */ = {isa = PBXFileReference; fileEncoding = 4; lastKnownFileType = sourcecode.c.h; path = Session.h; sourceTree = "<group>"; };
		BF6FEFD019E0D7EB009F2A8A /* Session.m */ = {isa = PBXFileReference; fileEncoding = 4; lastKnownFileType = sourcecode.c.objc; path = Session.m; sourceTree = "<group>"; };
		BF6FEFD219E0D7EB009F2A8A /* Sponsor.h */ = {isa = PBXFileReference; fileEncoding = 4; lastKnownFileType = sourcecode.c.h; path = Sponsor.h; sourceTree = "<group>"; };
		BF6FEFD319E0D7EB009F2A8A /* Sponsor.m */ = {isa = PBXFileReference; fileEncoding = 4; lastKnownFileType = sourcecode.c.objc; path = Sponsor.m; sourceTree = "<group>"; };
		BF6FEFD519E0D7EB009F2A8A /* Conference.h */ = {isa = PBXFileReference; fileEncoding = 4; lastKnownFileType = sourcecode.c.h; path = Conference.h; sourceTree = "<group>"; };
		BF6FEFD619E0D7EB009F2A8A /* Conference.m */ = {isa = PBXFileReference; fileEncoding = 4; lastKnownFileType = sourcecode.c.objc; path = Conference.m; sourceTree = "<group>"; };
		BF6FEFD819E0D7EB009F2A8A /* Speaker.h */ = {isa = PBXFileReference; fileEncoding = 4; lastKnownFileType = sourcecode.c.h; path = Speaker.h; sourceTree = "<group>"; };
		BF6FEFD919E0D7EB009F2A8A /* Speaker.m */ = {isa = PBXFileReference; fileEncoding = 4; lastKnownFileType = sourcecode.c.objc; path = Speaker.m; sourceTree = "<group>"; };
		BF6FEFDB19E0D7EB009F2A8A /* AppStaff.h */ = {isa = PBXFileReference; fileEncoding = 4; lastKnownFileType = sourcecode.c.h; path = AppStaff.h; sourceTree = "<group>"; };
		BF6FEFDC19E0D7EB009F2A8A /* AppStaff.m */ = {isa = PBXFileReference; fileEncoding = 4; lastKnownFileType = sourcecode.c.objc; path = AppStaff.m; sourceTree = "<group>"; };
		BF6FEFDE19E6ED72009F2A8A /* UILabel+height.h */ = {isa = PBXFileReference; fileEncoding = 4; lastKnownFileType = sourcecode.c.h; path = "UILabel+height.h"; sourceTree = "<group>"; };
		BF6FEFDF19E6ED72009F2A8A /* UILabel+height.m */ = {isa = PBXFileReference; fileEncoding = 4; lastKnownFileType = sourcecode.c.objc; path = "UILabel+height.m"; sourceTree = "<group>"; };
		BF9083BC19C491E4008F286F /* PCSessionDetailViewController.h */ = {isa = PBXFileReference; fileEncoding = 4; lastKnownFileType = sourcecode.c.h; path = PCSessionDetailViewController.h; sourceTree = "<group>"; };
		BF9083BD19C491E4008F286F /* PCSessionDetailViewController.m */ = {isa = PBXFileReference; fileEncoding = 4; lastKnownFileType = sourcecode.c.objc; path = PCSessionDetailViewController.m; sourceTree = "<group>"; };
		BF9083C019C49C3B008F286F /* PCSessionDetailCellManager.h */ = {isa = PBXFileReference; fileEncoding = 4; lastKnownFileType = sourcecode.c.h; path = PCSessionDetailCellManager.h; sourceTree = "<group>"; };
		BF9083C119C49C3B008F286F /* PCSessionDetailCellManager.m */ = {isa = PBXFileReference; fileEncoding = 4; lastKnownFileType = sourcecode.c.objc; path = PCSessionDetailCellManager.m; sourceTree = "<group>"; };
		BF9083C319C49DCD008F286F /* PCSessionDetailCell.h */ = {isa = PBXFileReference; fileEncoding = 4; lastKnownFileType = sourcecode.c.h; path = PCSessionDetailCell.h; sourceTree = "<group>"; };
		BF9083C419C49DCD008F286F /* PCSessionDetailCell.m */ = {isa = PBXFileReference; fileEncoding = 4; lastKnownFileType = sourcecode.c.objc; path = PCSessionDetailCell.m; sourceTree = "<group>"; };
		BF9083C619C535F6008F286F /* PCHUDManager.h */ = {isa = PBXFileReference; fileEncoding = 4; lastKnownFileType = sourcecode.c.h; path = PCHUDManager.h; sourceTree = "<group>"; };
		BF9083C719C535F6008F286F /* PCHUDManager.m */ = {isa = PBXFileReference; fileEncoding = 4; lastKnownFileType = sourcecode.c.objc; path = PCHUDManager.m; sourceTree = "<group>"; };
		BF9083CA19C5D730008F286F /* NotoSansCJKtc-Bold.otf */ = {isa = PBXFileReference; lastKnownFileType = file; path = "NotoSansCJKtc-Bold.otf"; sourceTree = "<group>"; };
		BF9083CB19C5D730008F286F /* NotoSansCJKtc-DemiLight.otf */ = {isa = PBXFileReference; lastKnownFileType = file; path = "NotoSansCJKtc-DemiLight.otf"; sourceTree = "<group>"; };
		BF9083CE19C5D7C3008F286F /* UIFont+PHPConfAdditions.h */ = {isa = PBXFileReference; fileEncoding = 4; lastKnownFileType = sourcecode.c.h; path = "UIFont+PHPConfAdditions.h"; sourceTree = "<group>"; };
		BF9083CF19C5D7C3008F286F /* UIFont+PHPConfAdditions.m */ = {isa = PBXFileReference; fileEncoding = 4; lastKnownFileType = sourcecode.c.objc; path = "UIFont+PHPConfAdditions.m"; sourceTree = "<group>"; };
		BF9083D219C5E869008F286F /* PCNewsCell.h */ = {isa = PBXFileReference; fileEncoding = 4; lastKnownFileType = sourcecode.c.h; path = PCNewsCell.h; sourceTree = "<group>"; };
		BF9083D319C5E869008F286F /* PCNewsCell.m */ = {isa = PBXFileReference; fileEncoding = 4; lastKnownFileType = sourcecode.c.objc; path = PCNewsCell.m; sourceTree = "<group>"; };
		BF9083D619C71C59008F286F /* PCMainTitleCell.h */ = {isa = PBXFileReference; fileEncoding = 4; lastKnownFileType = sourcecode.c.h; path = PCMainTitleCell.h; sourceTree = "<group>"; };
		BF9083D719C71C59008F286F /* PCMainTitleCell.m */ = {isa = PBXFileReference; fileEncoding = 4; lastKnownFileType = sourcecode.c.objc; path = PCMainTitleCell.m; sourceTree = "<group>"; };
		BF9083D919C71D93008F286F /* PCInfoPHPConfViewController.h */ = {isa = PBXFileReference; fileEncoding = 4; lastKnownFileType = sourcecode.c.h; path = PCInfoPHPConfViewController.h; sourceTree = "<group>"; };
		BF9083DA19C71D93008F286F /* PCInfoPHPConfViewController.m */ = {isa = PBXFileReference; fileEncoding = 4; lastKnownFileType = sourcecode.c.objc; path = PCInfoPHPConfViewController.m; sourceTree = "<group>"; };
		BF9083DC19C720B8008F286F /* PCContentCell.h */ = {isa = PBXFileReference; fileEncoding = 4; lastKnownFileType = sourcecode.c.h; path = PCContentCell.h; sourceTree = "<group>"; };
		BF9083DD19C720B8008F286F /* PCContentCell.m */ = {isa = PBXFileReference; fileEncoding = 4; lastKnownFileType = sourcecode.c.objc; path = PCContentCell.m; sourceTree = "<group>"; };
		BF9083DF19C7245A008F286F /* PCInfoSponsorViewController.h */ = {isa = PBXFileReference; fileEncoding = 4; lastKnownFileType = sourcecode.c.h; path = PCInfoSponsorViewController.h; sourceTree = "<group>"; };
		BF9083E019C7245A008F286F /* PCInfoSponsorViewController.m */ = {isa = PBXFileReference; fileEncoding = 4; lastKnownFileType = sourcecode.c.objc; path = PCInfoSponsorViewController.m; sourceTree = "<group>"; };
		BF9083E219C725F9008F286F /* PCInfoStaffViewController.h */ = {isa = PBXFileReference; fileEncoding = 4; lastKnownFileType = sourcecode.c.h; path = PCInfoStaffViewController.h; sourceTree = "<group>"; };
		BF9083E319C725F9008F286F /* PCInfoStaffViewController.m */ = {isa = PBXFileReference; fileEncoding = 4; lastKnownFileType = sourcecode.c.objc; path = PCInfoStaffViewController.m; sourceTree = "<group>"; };
		BF9083E519C7276B008F286F /* PCVenueMapMainViewController.h */ = {isa = PBXFileReference; fileEncoding = 4; lastKnownFileType = sourcecode.c.h; path = PCVenueMapMainViewController.h; sourceTree = "<group>"; };
		BF9083E619C7276B008F286F /* PCVenueMapMainViewController.m */ = {isa = PBXFileReference; fileEncoding = 4; lastKnownFileType = sourcecode.c.objc; path = PCVenueMapMainViewController.m; sourceTree = "<group>"; };
		BF9083E819C72ECD008F286F /* PCSecondaryTitleCell.h */ = {isa = PBXFileReference; fileEncoding = 4; lastKnownFileType = sourcecode.c.h; path = PCSecondaryTitleCell.h; sourceTree = "<group>"; };
		BF9083E919C72ECD008F286F /* PCSecondaryTitleCell.m */ = {isa = PBXFileReference; fileEncoding = 4; lastKnownFileType = sourcecode.c.objc; path = PCSecondaryTitleCell.m; sourceTree = "<group>"; };
		BF9083EC19C7333C008F286F /* PCMapCell.h */ = {isa = PBXFileReference; fileEncoding = 4; lastKnownFileType = sourcecode.c.h; path = PCMapCell.h; sourceTree = "<group>"; };
		BF9083ED19C7333C008F286F /* PCMapCell.m */ = {isa = PBXFileReference; fileEncoding = 4; lastKnownFileType = sourcecode.c.objc; path = PCMapCell.m; sourceTree = "<group>"; };
		BF9083F119C87E02008F286F /* PCSessionVenueADataSource.h */ = {isa = PBXFileReference; fileEncoding = 4; lastKnownFileType = sourcecode.c.h; path = PCSessionVenueADataSource.h; sourceTree = "<group>"; };
		BF9083F219C87E02008F286F /* PCSessionVenueADataSource.m */ = {isa = PBXFileReference; fileEncoding = 4; lastKnownFileType = sourcecode.c.objc; path = PCSessionVenueADataSource.m; sourceTree = "<group>"; };
		BF9083F419C87E1A008F286F /* PCSessionVenueBDataSource.h */ = {isa = PBXFileReference; fileEncoding = 4; lastKnownFileType = sourcecode.c.h; path = PCSessionVenueBDataSource.h; sourceTree = "<group>"; };
		BF9083F519C87E39008F286F /* PCSessionVenueBDataSource.m */ = {isa = PBXFileReference; fileEncoding = 4; lastKnownFileType = sourcecode.c.objc; path = PCSessionVenueBDataSource.m; sourceTree = "<group>"; };
		BF9083F719C8935D008F286F /* tab_icon.pdf */ = {isa = PBXFileReference; lastKnownFileType = image.pdf; path = tab_icon.pdf; sourceTree = "<group>"; };
		BF9083FA19C8A133008F286F /* Icon-60@2x.png */ = {isa = PBXFileReference; lastKnownFileType = image.png; path = "Icon-60@2x.png"; sourceTree = "<group>"; };
		BF9083FB19C8A133008F286F /* Icon-60@3x.png */ = {isa = PBXFileReference; lastKnownFileType = image.png; path = "Icon-60@3x.png"; sourceTree = "<group>"; };
		BF9083FC19C8A133008F286F /* Icon-Small-40@2x.png */ = {isa = PBXFileReference; lastKnownFileType = image.png; path = "Icon-Small-40@2x.png"; sourceTree = "<group>"; };
		BF9083FD19C8A133008F286F /* Icon-Small@2x.png */ = {isa = PBXFileReference; lastKnownFileType = image.png; path = "Icon-Small@2x.png"; sourceTree = "<group>"; };
		BF90840219C8A2ED008F286F /* Icon-Small.png */ = {isa = PBXFileReference; lastKnownFileType = image.png; path = "Icon-Small.png"; sourceTree = "<group>"; };
		BF90840319C8A2ED008F286F /* Icon.png */ = {isa = PBXFileReference; lastKnownFileType = image.png; path = Icon.png; sourceTree = "<group>"; };
		BF90840419C8A2ED008F286F /* icon@2x.png */ = {isa = PBXFileReference; lastKnownFileType = image.png; path = "icon@2x.png"; sourceTree = "<group>"; };
		BF90840819C8A3D5008F286F /* Icon-Small-40@3x.png */ = {isa = PBXFileReference; lastKnownFileType = image.png; path = "Icon-Small-40@3x.png"; sourceTree = "<group>"; };
		BF90840919C8A3D5008F286F /* Icon-Small@3x.png */ = {isa = PBXFileReference; lastKnownFileType = image.png; path = "Icon-Small@3x.png"; sourceTree = "<group>"; };
		BF90840D19C8A957008F286F /* Default-568h@2x.png */ = {isa = PBXFileReference; lastKnownFileType = image.png; path = "Default-568h@2x.png"; sourceTree = "<group>"; };
		BF90840E19C8A957008F286F /* Default-640h@3x.png */ = {isa = PBXFileReference; lastKnownFileType = image.png; path = "Default-640h@3x.png"; sourceTree = "<group>"; };
		BF90840F19C8A957008F286F /* Default-667h@2x.png */ = {isa = PBXFileReference; lastKnownFileType = image.png; path = "Default-667h@2x.png"; sourceTree = "<group>"; };
		BF90841019C8A957008F286F /* Default@2x.png */ = {isa = PBXFileReference; lastKnownFileType = image.png; path = "Default@2x.png"; sourceTree = "<group>"; };
		BFB46A0F19AB87A700922636 /* PHPConf2014.app */ = {isa = PBXFileReference; explicitFileType = wrapper.application; includeInIndex = 0; path = PHPConf2014.app; sourceTree = BUILT_PRODUCTS_DIR; };
		BFB46A1219AB87A700922636 /* Foundation.framework */ = {isa = PBXFileReference; lastKnownFileType = wrapper.framework; name = Foundation.framework; path = System/Library/Frameworks/Foundation.framework; sourceTree = SDKROOT; };
		BFB46A1419AB87A700922636 /* CoreGraphics.framework */ = {isa = PBXFileReference; lastKnownFileType = wrapper.framework; name = CoreGraphics.framework; path = System/Library/Frameworks/CoreGraphics.framework; sourceTree = SDKROOT; };
		BFB46A1619AB87A700922636 /* UIKit.framework */ = {isa = PBXFileReference; lastKnownFileType = wrapper.framework; name = UIKit.framework; path = System/Library/Frameworks/UIKit.framework; sourceTree = SDKROOT; };
		BFB46A1A19AB87A700922636 /* PHPConf2014-Info.plist */ = {isa = PBXFileReference; lastKnownFileType = text.plist.xml; path = "PHPConf2014-Info.plist"; sourceTree = "<group>"; };
		BFB46A1C19AB87A700922636 /* en */ = {isa = PBXFileReference; lastKnownFileType = text.plist.strings; name = en; path = en.lproj/InfoPlist.strings; sourceTree = "<group>"; };
		BFB46A1E19AB87A700922636 /* main.m */ = {isa = PBXFileReference; lastKnownFileType = sourcecode.c.objc; path = main.m; sourceTree = "<group>"; };
		BFB46A2019AB87A700922636 /* PHPConf2014-Prefix.pch */ = {isa = PBXFileReference; lastKnownFileType = sourcecode.c.h; path = "PHPConf2014-Prefix.pch"; sourceTree = "<group>"; };
		BFB46A2119AB87A700922636 /* PCAppDelegate.h */ = {isa = PBXFileReference; lastKnownFileType = sourcecode.c.h; path = PCAppDelegate.h; sourceTree = "<group>"; };
		BFB46A2219AB87A700922636 /* PCAppDelegate.m */ = {isa = PBXFileReference; lastKnownFileType = sourcecode.c.objc; path = PCAppDelegate.m; sourceTree = "<group>"; };
		BFB46A2419AB87A700922636 /* Images.xcassets */ = {isa = PBXFileReference; lastKnownFileType = folder.assetcatalog; path = Images.xcassets; sourceTree = "<group>"; };
		BFB46A2A19AB87A700922636 /* PHPConf2014Tests.xctest */ = {isa = PBXFileReference; explicitFileType = wrapper.cfbundle; includeInIndex = 0; path = PHPConf2014Tests.xctest; sourceTree = BUILT_PRODUCTS_DIR; };
		BFB46A2B19AB87A700922636 /* XCTest.framework */ = {isa = PBXFileReference; lastKnownFileType = wrapper.framework; name = XCTest.framework; path = Library/Frameworks/XCTest.framework; sourceTree = DEVELOPER_DIR; };
		BFB46A3319AB87A700922636 /* PHPConf2014Tests-Info.plist */ = {isa = PBXFileReference; lastKnownFileType = text.plist.xml; path = "PHPConf2014Tests-Info.plist"; sourceTree = "<group>"; };
		BFB46A3519AB87A700922636 /* en */ = {isa = PBXFileReference; lastKnownFileType = text.plist.strings; name = en; path = en.lproj/InfoPlist.strings; sourceTree = "<group>"; };
		BFB46A3719AB87A700922636 /* PHPConf2014Tests.m */ = {isa = PBXFileReference; lastKnownFileType = sourcecode.c.objc; path = PHPConf2014Tests.m; sourceTree = "<group>"; };
		BFBEC33E19B4CD6800AA41EA /* UIColor+PHPConfAdditions.h */ = {isa = PBXFileReference; fileEncoding = 4; lastKnownFileType = sourcecode.c.h; path = "UIColor+PHPConfAdditions.h"; sourceTree = "<group>"; };
		BFBEC33F19B4CD6800AA41EA /* UIColor+PHPConfAdditions.m */ = {isa = PBXFileReference; fileEncoding = 4; lastKnownFileType = sourcecode.c.objc; path = "UIColor+PHPConfAdditions.m"; sourceTree = "<group>"; };
		BFBEC34F19B8B76600AA41EA /* PCSessionListsViewController.h */ = {isa = PBXFileReference; fileEncoding = 4; lastKnownFileType = sourcecode.c.h; path = PCSessionListsViewController.h; sourceTree = "<group>"; };
		BFBEC35019B8B76600AA41EA /* PCSessionListsViewController.m */ = {isa = PBXFileReference; fileEncoding = 4; lastKnownFileType = sourcecode.c.objc; path = PCSessionListsViewController.m; sourceTree = "<group>"; };
		BFBEC35219B8B78A00AA41EA /* PCVenueMapsViewController.h */ = {isa = PBXFileReference; fileEncoding = 4; lastKnownFileType = sourcecode.c.h; path = PCVenueMapsViewController.h; sourceTree = "<group>"; };
		BFBEC35319B8B78A00AA41EA /* PCVenueMapsViewController.m */ = {isa = PBXFileReference; fileEncoding = 4; lastKnownFileType = sourcecode.c.objc; path = PCVenueMapsViewController.m; sourceTree = "<group>"; };
		BFBEC35519B8B79B00AA41EA /* PCNewsListViewController.h */ = {isa = PBXFileReference; fileEncoding = 4; lastKnownFileType = sourcecode.c.h; path = PCNewsListViewController.h; sourceTree = "<group>"; };
		BFBEC35619B8B79B00AA41EA /* PCNewsListViewController.m */ = {isa = PBXFileReference; fileEncoding = 4; lastKnownFileType = sourcecode.c.objc; path = PCNewsListViewController.m; sourceTree = "<group>"; };
		BFBEC35819B8B7C100AA41EA /* PCInfoListsViewController.h */ = {isa = PBXFileReference; fileEncoding = 4; lastKnownFileType = sourcecode.c.h; path = PCInfoListsViewController.h; sourceTree = "<group>"; };
		BFBEC35919B8B7C100AA41EA /* PCInfoListsViewController.m */ = {isa = PBXFileReference; fileEncoding = 4; lastKnownFileType = sourcecode.c.objc; path = PCInfoListsViewController.m; sourceTree = "<group>"; };
		BFBEC35C19B8C89200AA41EA /* PCTopTabBarController.h */ = {isa = PBXFileReference; fileEncoding = 4; lastKnownFileType = sourcecode.c.h; name = PCTopTabBarController.h; path = PCTopTabBarController/PCTopTabBarController.h; sourceTree = "<group>"; };
		BFBEC35D19B8C89200AA41EA /* PCTopTabBarController.m */ = {isa = PBXFileReference; fileEncoding = 4; lastKnownFileType = sourcecode.c.objc; name = PCTopTabBarController.m; path = PCTopTabBarController/PCTopTabBarController.m; sourceTree = "<group>"; };
		BFBEC36019BAE13300AA41EA /* PCTopTabBar.h */ = {isa = PBXFileReference; fileEncoding = 4; lastKnownFileType = sourcecode.c.h; name = PCTopTabBar.h; path = PCTopTabBarController/PCTopTabBar.h; sourceTree = "<group>"; };
		BFBEC36119BAE13300AA41EA /* PCTopTabBar.m */ = {isa = PBXFileReference; fileEncoding = 4; lastKnownFileType = sourcecode.c.objc; name = PCTopTabBar.m; path = PCTopTabBarController/PCTopTabBar.m; sourceTree = "<group>"; };
		BFBEC36319BAE2F100AA41EA /* PCTopTabBarItem.h */ = {isa = PBXFileReference; fileEncoding = 4; lastKnownFileType = sourcecode.c.h; name = PCTopTabBarItem.h; path = PCTopTabBarController/PCTopTabBarItem.h; sourceTree = "<group>"; };
		BFBEC36419BAE2F100AA41EA /* PCTopTabBarItem.m */ = {isa = PBXFileReference; fileEncoding = 4; lastKnownFileType = sourcecode.c.objc; name = PCTopTabBarItem.m; path = PCTopTabBarController/PCTopTabBarItem.m; sourceTree = "<group>"; };
		BFE1F38719D327E4000569C9 /* PHPConf.xcdatamodel */ = {isa = PBXFileReference; lastKnownFileType = wrapper.xcdatamodel; path = PHPConf.xcdatamodel; sourceTree = "<group>"; };
		BFE1F38A19D3297B000569C9 /* Venue.h */ = {isa = PBXFileReference; fileEncoding = 4; lastKnownFileType = sourcecode.c.h; path = Venue.h; sourceTree = "<group>"; };
		BFE1F38B19D3297B000569C9 /* Venue.m */ = {isa = PBXFileReference; fileEncoding = 4; lastKnownFileType = sourcecode.c.objc; path = Venue.m; sourceTree = "<group>"; };
		BFE5E57C19BF40AF0014FB07 /* PCSessionCell.h */ = {isa = PBXFileReference; fileEncoding = 4; lastKnownFileType = sourcecode.c.h; path = PCSessionCell.h; sourceTree = "<group>"; };
		BFE5E57D19BF40AF0014FB07 /* PCSessionCell.m */ = {isa = PBXFileReference; fileEncoding = 4; lastKnownFileType = sourcecode.c.objc; path = PCSessionCell.m; sourceTree = "<group>"; };
		BFE5E58019C1E9770014FB07 /* avatar_placeholder.png */ = {isa = PBXFileReference; lastKnownFileType = image.png; name = avatar_placeholder.png; path = Resources/avatar_placeholder.png; sourceTree = "<group>"; };
		BFE5E58119C1E9770014FB07 /* avatar_placeholder@2x.png */ = {isa = PBXFileReference; lastKnownFileType = image.png; name = "avatar_placeholder@2x.png"; path = "Resources/avatar_placeholder@2x.png"; sourceTree = "<group>"; };
		BFE918EE19AF73E5008925C3 /* PCDataSpecDefines.h */ = {isa = PBXFileReference; fileEncoding = 4; lastKnownFileType = sourcecode.c.h; path = PCDataSpecDefines.h; sourceTree = "<group>"; };
		BFE918EF19AF73E5008925C3 /* PCDataSpecDefines.m */ = {isa = PBXFileReference; fileEncoding = 4; lastKnownFileType = sourcecode.c.objc; path = PCDataSpecDefines.m; sourceTree = "<group>"; };
/* End PBXFileReference section */

/* Begin PBXFrameworksBuildPhase section */
		BFB46A0C19AB87A700922636 /* Frameworks */ = {
			isa = PBXFrameworksBuildPhase;
			buildActionMask = 2147483647;
			files = (
				BFB46A1519AB87A700922636 /* CoreGraphics.framework in Frameworks */,
				BFB46A1719AB87A700922636 /* UIKit.framework in Frameworks */,
				BFB46A1319AB87A700922636 /* Foundation.framework in Frameworks */,
				0B06A30AA33E4B98B719B1A6 /* libPods.a in Frameworks */,
			);
			runOnlyForDeploymentPostprocessing = 0;
		};
		BFB46A2719AB87A700922636 /* Frameworks */ = {
			isa = PBXFrameworksBuildPhase;
			buildActionMask = 2147483647;
			files = (
				BFB46A2C19AB87A700922636 /* XCTest.framework in Frameworks */,
				BFB46A2E19AB87A700922636 /* UIKit.framework in Frameworks */,
				BFB46A2D19AB87A700922636 /* Foundation.framework in Frameworks */,
			);
			runOnlyForDeploymentPostprocessing = 0;
		};
/* End PBXFrameworksBuildPhase section */

/* Begin PBXGroup section */
		BF9083BF19C49BFA008F286F /* Managers */ = {
			isa = PBXGroup;
			children = (
				BF9083C019C49C3B008F286F /* PCSessionDetailCellManager.h */,
				BF9083C119C49C3B008F286F /* PCSessionDetailCellManager.m */,
				BF9083C619C535F6008F286F /* PCHUDManager.h */,
				BF9083C719C535F6008F286F /* PCHUDManager.m */,
			);
			name = Managers;
			sourceTree = "<group>";
		};
		BF9083C919C5D730008F286F /* Fonts */ = {
			isa = PBXGroup;
			children = (
				BF9083CA19C5D730008F286F /* NotoSansCJKtc-Bold.otf */,
				BF9083CB19C5D730008F286F /* NotoSansCJKtc-DemiLight.otf */,
			);
			name = Fonts;
			path = Resources/Fonts;
			sourceTree = "<group>";
		};
		BF9083D119C5E836008F286F /* News */ = {
			isa = PBXGroup;
			children = (
				BF9083D219C5E869008F286F /* PCNewsCell.h */,
				BF9083D319C5E869008F286F /* PCNewsCell.m */,
			);
			name = News;
			sourceTree = "<group>";
		};
		BF9083D519C71C44008F286F /* Contents */ = {
			isa = PBXGroup;
			children = (
				BF9083D619C71C59008F286F /* PCMainTitleCell.h */,
				BF9083D719C71C59008F286F /* PCMainTitleCell.m */,
				BF9083E819C72ECD008F286F /* PCSecondaryTitleCell.h */,
				BF9083E919C72ECD008F286F /* PCSecondaryTitleCell.m */,
				BF9083DC19C720B8008F286F /* PCContentCell.h */,
				BF9083DD19C720B8008F286F /* PCContentCell.m */,
			);
			name = Contents;
			sourceTree = "<group>";
		};
		BF9083EB19C732FC008F286F /* Maps */ = {
			isa = PBXGroup;
			children = (
				BF9083EC19C7333C008F286F /* PCMapCell.h */,
				BF9083ED19C7333C008F286F /* PCMapCell.m */,
			);
			name = Maps;
			sourceTree = "<group>";
		};
		BF9083F019C87DD2008F286F /* Venues */ = {
			isa = PBXGroup;
			children = (
				BF9083F119C87E02008F286F /* PCSessionVenueADataSource.h */,
				BF9083F219C87E02008F286F /* PCSessionVenueADataSource.m */,
				BF9083F419C87E1A008F286F /* PCSessionVenueBDataSource.h */,
				BF9083F519C87E39008F286F /* PCSessionVenueBDataSource.m */,
			);
			name = Venues;
			sourceTree = "<group>";
		};
		BF9083F919C8A133008F286F /* App Icons */ = {
			isa = PBXGroup;
			children = (
				BF90840819C8A3D5008F286F /* Icon-Small-40@3x.png */,
				BF90840919C8A3D5008F286F /* Icon-Small@3x.png */,
				BF90840219C8A2ED008F286F /* Icon-Small.png */,
				BF90840319C8A2ED008F286F /* Icon.png */,
				BF90840419C8A2ED008F286F /* icon@2x.png */,
				BF9083FA19C8A133008F286F /* Icon-60@2x.png */,
				BF9083FB19C8A133008F286F /* Icon-60@3x.png */,
				BF9083FC19C8A133008F286F /* Icon-Small-40@2x.png */,
				BF9083FD19C8A133008F286F /* Icon-Small@2x.png */,
			);
			name = "App Icons";
			path = Resources/AppIcons;
			sourceTree = "<group>";
		};
		BF90840C19C8A957008F286F /* LaunchImages */ = {
			isa = PBXGroup;
			children = (
				BF90840D19C8A957008F286F /* Default-568h@2x.png */,
				BF90840E19C8A957008F286F /* Default-640h@3x.png */,
				BF90840F19C8A957008F286F /* Default-667h@2x.png */,
				BF90841019C8A957008F286F /* Default@2x.png */,
			);
			name = LaunchImages;
			path = Resources/LaunchImages;
			sourceTree = "<group>";
		};
		BFB46A0619AB87A700922636 = {
			isa = PBXGroup;
			children = (
				BFB46A1819AB87A700922636 /* PHPConf2014 */,
				BFB46A3119AB87A700922636 /* PHPConf2014Tests */,
				BFB46A1119AB87A700922636 /* Frameworks */,
				BFB46A1019AB87A700922636 /* Products */,
				20498DCA9BA64EF59BB0A95F /* Pods.xcconfig */,
			);
			sourceTree = "<group>";
		};
		BFB46A1019AB87A700922636 /* Products */ = {
			isa = PBXGroup;
			children = (
				BFB46A0F19AB87A700922636 /* PHPConf2014.app */,
				BFB46A2A19AB87A700922636 /* PHPConf2014Tests.xctest */,
			);
			name = Products;
			sourceTree = "<group>";
		};
		BFB46A1119AB87A700922636 /* Frameworks */ = {
			isa = PBXGroup;
			children = (
				BFB46A1219AB87A700922636 /* Foundation.framework */,
				BFB46A1419AB87A700922636 /* CoreGraphics.framework */,
				BFB46A1619AB87A700922636 /* UIKit.framework */,
				BFB46A2B19AB87A700922636 /* XCTest.framework */,
				0BB7845B60EB408D8CC9B164 /* libPods.a */,
			);
			name = Frameworks;
			sourceTree = "<group>";
		};
		BFB46A1819AB87A700922636 /* PHPConf2014 */ = {
			isa = PBXGroup;
			children = (
				BFBEC34919B8B59600AA41EA /* Application */,
				BFBEC34A19B8B5B100AA41EA /* View Controllers */,
				BFE5E57A19BF40660014FB07 /* Views */,
				BFE1F38919D3293D000569C9 /* Models */,
				BF9083BF19C49BFA008F286F /* Managers */,
				BFBEC35B19B8C80900AA41EA /* UI Packages */,
				BFBEC33D19B4CD4700AA41EA /* Categories */,
				BFB46A2419AB87A700922636 /* Images.xcassets */,
				BFE5E57F19C1E7A20014FB07 /* Resources */,
				BFB46A1919AB87A700922636 /* Supporting Files */,
			);
			path = PHPConf2014;
			sourceTree = "<group>";
		};
		BFB46A1919AB87A700922636 /* Supporting Files */ = {
			isa = PBXGroup;
			children = (
				BFB46A1A19AB87A700922636 /* PHPConf2014-Info.plist */,
				BFE1F38619D327E4000569C9 /* PHPConf.xcdatamodeld */,
				BFB46A1B19AB87A700922636 /* InfoPlist.strings */,
				BFB46A1E19AB87A700922636 /* main.m */,
				BFB46A2019AB87A700922636 /* PHPConf2014-Prefix.pch */,
				BF4902BC19AF848500071AF0 /* PCDefines.h */,
				BF4902BD19AF848500071AF0 /* PCDefines.m */,
				BFE918EE19AF73E5008925C3 /* PCDataSpecDefines.h */,
				BFE918EF19AF73E5008925C3 /* PCDataSpecDefines.m */,
			);
			name = "Supporting Files";
			sourceTree = "<group>";
		};
		BFB46A3119AB87A700922636 /* PHPConf2014Tests */ = {
			isa = PBXGroup;
			children = (
				BFB46A3719AB87A700922636 /* PHPConf2014Tests.m */,
				BFB46A3219AB87A700922636 /* Supporting Files */,
			);
			path = PHPConf2014Tests;
			sourceTree = "<group>";
		};
		BFB46A3219AB87A700922636 /* Supporting Files */ = {
			isa = PBXGroup;
			children = (
				BFB46A3319AB87A700922636 /* PHPConf2014Tests-Info.plist */,
				BFB46A3419AB87A700922636 /* InfoPlist.strings */,
			);
			name = "Supporting Files";
			sourceTree = "<group>";
		};
		BFBEC33D19B4CD4700AA41EA /* Categories */ = {
			isa = PBXGroup;
			children = (
				BFBEC33E19B4CD6800AA41EA /* UIColor+PHPConfAdditions.h */,
				BFBEC33F19B4CD6800AA41EA /* UIColor+PHPConfAdditions.m */,
				BF9083CE19C5D7C3008F286F /* UIFont+PHPConfAdditions.h */,
				BF9083CF19C5D7C3008F286F /* UIFont+PHPConfAdditions.m */,
				BF6FEFDE19E6ED72009F2A8A /* UILabel+height.h */,
				BF6FEFDF19E6ED72009F2A8A /* UILabel+height.m */,
			);
			name = Categories;
			sourceTree = "<group>";
		};
		BFBEC34919B8B59600AA41EA /* Application */ = {
			isa = PBXGroup;
			children = (
				BFB46A2119AB87A700922636 /* PCAppDelegate.h */,
				BFB46A2219AB87A700922636 /* PCAppDelegate.m */,
			);
			name = Application;
			sourceTree = "<group>";
		};
		BFBEC34A19B8B5B100AA41EA /* View Controllers */ = {
			isa = PBXGroup;
			children = (
				BFBEC34B19B8B6B900AA41EA /* Sessions */,
				BFBEC34C19B8B6C000AA41EA /* Venues */,
				BFBEC34D19B8B70100AA41EA /* News */,
				BFBEC34E19B8B71800AA41EA /* Informations */,
			);
			name = "View Controllers";
			sourceTree = "<group>";
		};
		BFBEC34B19B8B6B900AA41EA /* Sessions */ = {
			isa = PBXGroup;
			children = (
				BFBEC34F19B8B76600AA41EA /* PCSessionListsViewController.h */,
				BFBEC35019B8B76600AA41EA /* PCSessionListsViewController.m */,
				BF4D127619BCB10800B7CF92 /* PCSessionTableViewController.h */,
				BF4D127719BCB10800B7CF92 /* PCSessionTableViewController.m */,
				BF9083BC19C491E4008F286F /* PCSessionDetailViewController.h */,
				BF9083BD19C491E4008F286F /* PCSessionDetailViewController.m */,
				BF9083F019C87DD2008F286F /* Venues */,
			);
			name = Sessions;
			sourceTree = "<group>";
		};
		BFBEC34C19B8B6C000AA41EA /* Venues */ = {
			isa = PBXGroup;
			children = (
				BFBEC35219B8B78A00AA41EA /* PCVenueMapsViewController.h */,
				BFBEC35319B8B78A00AA41EA /* PCVenueMapsViewController.m */,
				BF9083E519C7276B008F286F /* PCVenueMapMainViewController.h */,
				BF9083E619C7276B008F286F /* PCVenueMapMainViewController.m */,
			);
			name = Venues;
			sourceTree = "<group>";
		};
		BFBEC34D19B8B70100AA41EA /* News */ = {
			isa = PBXGroup;
			children = (
				BFBEC35519B8B79B00AA41EA /* PCNewsListViewController.h */,
				BFBEC35619B8B79B00AA41EA /* PCNewsListViewController.m */,
			);
			name = News;
			sourceTree = "<group>";
		};
		BFBEC34E19B8B71800AA41EA /* Informations */ = {
			isa = PBXGroup;
			children = (
				BFBEC35819B8B7C100AA41EA /* PCInfoListsViewController.h */,
				BFBEC35919B8B7C100AA41EA /* PCInfoListsViewController.m */,
				BF9083D919C71D93008F286F /* PCInfoPHPConfViewController.h */,
				BF9083DA19C71D93008F286F /* PCInfoPHPConfViewController.m */,
				BF9083DF19C7245A008F286F /* PCInfoSponsorViewController.h */,
				BF9083E019C7245A008F286F /* PCInfoSponsorViewController.m */,
				BF9083E219C725F9008F286F /* PCInfoStaffViewController.h */,
				BF9083E319C725F9008F286F /* PCInfoStaffViewController.m */,
			);
			name = Informations;
			sourceTree = "<group>";
		};
		BFBEC35B19B8C80900AA41EA /* UI Packages */ = {
			isa = PBXGroup;
			children = (
				BFBEC35F19B8C89C00AA41EA /* PCTopTabBarController */,
			);
			name = "UI Packages";
			sourceTree = "<group>";
		};
		BFBEC35F19B8C89C00AA41EA /* PCTopTabBarController */ = {
			isa = PBXGroup;
			children = (
				BFBEC35C19B8C89200AA41EA /* PCTopTabBarController.h */,
				BFBEC35D19B8C89200AA41EA /* PCTopTabBarController.m */,
				BFBEC36019BAE13300AA41EA /* PCTopTabBar.h */,
				BFBEC36119BAE13300AA41EA /* PCTopTabBar.m */,
				BFBEC36319BAE2F100AA41EA /* PCTopTabBarItem.h */,
				BFBEC36419BAE2F100AA41EA /* PCTopTabBarItem.m */,
			);
			name = PCTopTabBarController;
			sourceTree = "<group>";
		};
		BFE1F38919D3293D000569C9 /* Models */ = {
			isa = PBXGroup;
			children = (
				BF6FEFDB19E0D7EB009F2A8A /* AppStaff.h */,
				BF6FEFDC19E0D7EB009F2A8A /* AppStaff.m */,
				BF6FEFD819E0D7EB009F2A8A /* Speaker.h */,
				BF6FEFD919E0D7EB009F2A8A /* Speaker.m */,
				BF6FEFD519E0D7EB009F2A8A /* Conference.h */,
				BF6FEFD619E0D7EB009F2A8A /* Conference.m */,
				BF6FEFD219E0D7EB009F2A8A /* Sponsor.h */,
				BF6FEFD319E0D7EB009F2A8A /* Sponsor.m */,
				BF6FEFCF19E0D7EB009F2A8A /* Session.h */,
				BF6FEFD019E0D7EB009F2A8A /* Session.m */,
				BF6FEFCC19E0D7EB009F2A8A /* News.h */,
				BF6FEFCD19E0D7EB009F2A8A /* News.m */,
				BF6FEFC919E0D7EB009F2A8A /* Department.h */,
				BF6FEFCA19E0D7EB009F2A8A /* Department.m */,
				BF6FEFC619E0D7EA009F2A8A /* SponsorType.h */,
				BF6FEFC719E0D7EA009F2A8A /* SponsorType.m */,
				BF6FEFC319E0D7EA009F2A8A /* StaffDepartmentRelation.h */,
				BF6FEFC419E0D7EA009F2A8A /* StaffDepartmentRelation.m */,
				BF6FEFC019E0D7EA009F2A8A /* Staff.h */,
				BF6FEFC119E0D7EA009F2A8A /* Staff.m */,
				BFE1F38A19D3297B000569C9 /* Venue.h */,
				BFE1F38B19D3297B000569C9 /* Venue.m */,
				BF6FEF8B19D9BAB3009F2A8A /* Version.h */,
				BF6FEF8C19D9BAB3009F2A8A /* Version.m */,
			);
			name = Models;
			sourceTree = "<group>";
		};
		BFE5E57A19BF40660014FB07 /* Views */ = {
			isa = PBXGroup;
			children = (
				BF9083D519C71C44008F286F /* Contents */,
				BFE5E57B19BF407A0014FB07 /* Sessions */,
				BF9083D119C5E836008F286F /* News */,
				BF9083EB19C732FC008F286F /* Maps */,
			);
			name = Views;
			sourceTree = "<group>";
		};
		BFE5E57B19BF407A0014FB07 /* Sessions */ = {
			isa = PBXGroup;
			children = (
				BFE5E57C19BF40AF0014FB07 /* PCSessionCell.h */,
				BFE5E57D19BF40AF0014FB07 /* PCSessionCell.m */,
				BF9083C319C49DCD008F286F /* PCSessionDetailCell.h */,
				BF9083C419C49DCD008F286F /* PCSessionDetailCell.m */,
			);
			name = Sessions;
			sourceTree = "<group>";
		};
		BFE5E57F19C1E7A20014FB07 /* Resources */ = {
			isa = PBXGroup;
			children = (
				BF9083F919C8A133008F286F /* App Icons */,
				BF90840C19C8A957008F286F /* LaunchImages */,
				BF9083C919C5D730008F286F /* Fonts */,
				BFE5E58019C1E9770014FB07 /* avatar_placeholder.png */,
				BFE5E58119C1E9770014FB07 /* avatar_placeholder@2x.png */,
				BF9083F719C8935D008F286F /* tab_icon.pdf */,
			);
			name = Resources;
			sourceTree = "<group>";
		};
/* End PBXGroup section */

/* Begin PBXNativeTarget section */
		BFB46A0E19AB87A700922636 /* PHPConf2014 */ = {
			isa = PBXNativeTarget;
			buildConfigurationList = BFB46A3B19AB87A700922636 /* Build configuration list for PBXNativeTarget "PHPConf2014" */;
			buildPhases = (
				771996062F044D75BE4D19D5 /* Check Pods Manifest.lock */,
				BFB46A0B19AB87A700922636 /* Sources */,
				BFB46A0C19AB87A700922636 /* Frameworks */,
				BFB46A0D19AB87A700922636 /* Resources */,
				E779C34BB6E1444E8DAAD9BE /* Copy Pods Resources */,
			);
			buildRules = (
			);
			dependencies = (
			);
			name = PHPConf2014;
			productName = PHPConf2014;
			productReference = BFB46A0F19AB87A700922636 /* PHPConf2014.app */;
			productType = "com.apple.product-type.application";
		};
		BFB46A2919AB87A700922636 /* PHPConf2014Tests */ = {
			isa = PBXNativeTarget;
			buildConfigurationList = BFB46A3E19AB87A700922636 /* Build configuration list for PBXNativeTarget "PHPConf2014Tests" */;
			buildPhases = (
				BFB46A2619AB87A700922636 /* Sources */,
				BFB46A2719AB87A700922636 /* Frameworks */,
				BFB46A2819AB87A700922636 /* Resources */,
			);
			buildRules = (
			);
			dependencies = (
				BFB46A3019AB87A700922636 /* PBXTargetDependency */,
			);
			name = PHPConf2014Tests;
			productName = PHPConf2014Tests;
			productReference = BFB46A2A19AB87A700922636 /* PHPConf2014Tests.xctest */;
			productType = "com.apple.product-type.bundle.unit-test";
		};
/* End PBXNativeTarget section */

/* Begin PBXProject section */
		BFB46A0719AB87A700922636 /* Project object */ = {
			isa = PBXProject;
			attributes = {
				CLASSPREFIX = PC;
				LastUpgradeCheck = 0510;
				ORGANIZATIONNAME = "Vincent Chen";
				TargetAttributes = {
					BFB46A2919AB87A700922636 = {
						TestTargetID = BFB46A0E19AB87A700922636;
					};
				};
			};
			buildConfigurationList = BFB46A0A19AB87A700922636 /* Build configuration list for PBXProject "PHPConf2014" */;
			compatibilityVersion = "Xcode 3.2";
			developmentRegion = English;
			hasScannedForEncodings = 0;
			knownRegions = (
				en,
			);
			mainGroup = BFB46A0619AB87A700922636;
			productRefGroup = BFB46A1019AB87A700922636 /* Products */;
			projectDirPath = "";
			projectRoot = "";
			targets = (
				BFB46A0E19AB87A700922636 /* PHPConf2014 */,
				BFB46A2919AB87A700922636 /* PHPConf2014Tests */,
			);
		};
/* End PBXProject section */

/* Begin PBXResourcesBuildPhase section */
		BFB46A0D19AB87A700922636 /* Resources */ = {
			isa = PBXResourcesBuildPhase;
			buildActionMask = 2147483647;
			files = (
				BF9083F819C8935D008F286F /* tab_icon.pdf in Resources */,
				BF90840A19C8A3D5008F286F /* Icon-Small-40@3x.png in Resources */,
				BF90840019C8A133008F286F /* Icon-Small-40@2x.png in Resources */,
				BF9083CD19C5D730008F286F /* NotoSansCJKtc-DemiLight.otf in Resources */,
				BFB46A1D19AB87A700922636 /* InfoPlist.strings in Resources */,
				BFE5E58219C1E9770014FB07 /* avatar_placeholder.png in Resources */,
				BFB46A2519AB87A700922636 /* Images.xcassets in Resources */,
				BF90841319C8A957008F286F /* Default-667h@2x.png in Resources */,
				BF90841219C8A957008F286F /* Default-640h@3x.png in Resources */,
				BFE5E58319C1E9770014FB07 /* avatar_placeholder@2x.png in Resources */,
				BF90841119C8A957008F286F /* Default-568h@2x.png in Resources */,
				BF90840719C8A2ED008F286F /* icon@2x.png in Resources */,
				BF90841419C8A957008F286F /* Default@2x.png in Resources */,
				BF90840619C8A2ED008F286F /* Icon.png in Resources */,
				BF9083FF19C8A133008F286F /* Icon-60@3x.png in Resources */,
				BF90840519C8A2ED008F286F /* Icon-Small.png in Resources */,
				BF9083CC19C5D730008F286F /* NotoSansCJKtc-Bold.otf in Resources */,
				BF9083FE19C8A133008F286F /* Icon-60@2x.png in Resources */,
				BF90840B19C8A3D5008F286F /* Icon-Small@3x.png in Resources */,
				BF90840119C8A133008F286F /* Icon-Small@2x.png in Resources */,
			);
			runOnlyForDeploymentPostprocessing = 0;
		};
		BFB46A2819AB87A700922636 /* Resources */ = {
			isa = PBXResourcesBuildPhase;
			buildActionMask = 2147483647;
			files = (
				BFB46A3619AB87A700922636 /* InfoPlist.strings in Resources */,
			);
			runOnlyForDeploymentPostprocessing = 0;
		};
/* End PBXResourcesBuildPhase section */

/* Begin PBXShellScriptBuildPhase section */
		771996062F044D75BE4D19D5 /* Check Pods Manifest.lock */ = {
			isa = PBXShellScriptBuildPhase;
			buildActionMask = 2147483647;
			files = (
			);
			inputPaths = (
			);
			name = "Check Pods Manifest.lock";
			outputPaths = (
			);
			runOnlyForDeploymentPostprocessing = 0;
			shellPath = /bin/sh;
			shellScript = "diff \"${PODS_ROOT}/../Podfile.lock\" \"${PODS_ROOT}/Manifest.lock\" > /dev/null\nif [[ $? != 0 ]] ; then\n    cat << EOM\nerror: The sandbox is not in sync with the Podfile.lock. Run 'pod install' or update your CocoaPods installation.\nEOM\n    exit 1\nfi\n";
			showEnvVarsInLog = 0;
		};
		E779C34BB6E1444E8DAAD9BE /* Copy Pods Resources */ = {
			isa = PBXShellScriptBuildPhase;
			buildActionMask = 2147483647;
			files = (
			);
			inputPaths = (
			);
			name = "Copy Pods Resources";
			outputPaths = (
			);
			runOnlyForDeploymentPostprocessing = 0;
			shellPath = /bin/sh;
			shellScript = "\"${SRCROOT}/Pods/Pods-resources.sh\"\n";
			showEnvVarsInLog = 0;
		};
/* End PBXShellScriptBuildPhase section */

/* Begin PBXSourcesBuildPhase section */
		BFB46A0B19AB87A700922636 /* Sources */ = {
			isa = PBXSourcesBuildPhase;
			buildActionMask = 2147483647;
			files = (
				BFBEC35719B8B79B00AA41EA /* PCNewsListViewController.m in Sources */,
				BFBEC35A19B8B7C100AA41EA /* PCInfoListsViewController.m in Sources */,
				BF9083E119C7245A008F286F /* PCInfoSponsorViewController.m in Sources */,
				BF9083C219C49C3B008F286F /* PCSessionDetailCellManager.m in Sources */,
				BFB46A1F19AB87A700922636 /* main.m in Sources */,
				BFE1F38C19D3297B000569C9 /* Venue.m in Sources */,
				BF6FEFC819E0D7EA009F2A8A /* SponsorType.m in Sources */,
				BF9083E719C7276B008F286F /* PCVenueMapMainViewController.m in Sources */,
				BFBEC34019B4CD6800AA41EA /* UIColor+PHPConfAdditions.m in Sources */,
				BF9083EE19C7333C008F286F /* PCMapCell.m in Sources */,
				BFBEC35E19B8C89200AA41EA /* PCTopTabBarController.m in Sources */,
				BF9083D019C5D7C3008F286F /* UIFont+PHPConfAdditions.m in Sources */,
				BF6FEFCE19E0D7EB009F2A8A /* News.m in Sources */,
				BF6FEFE019E6ED72009F2A8A /* UILabel+height.m in Sources */,
				BFBEC36519BAE2F100AA41EA /* PCTopTabBarItem.m in Sources */,
				BF9083DB19C71D93008F286F /* PCInfoPHPConfViewController.m in Sources */,
				BFBEC36219BAE13300AA41EA /* PCTopTabBar.m in Sources */,
				BF9083C519C49DCD008F286F /* PCSessionDetailCell.m in Sources */,
				BF9083BE19C491E4008F286F /* PCSessionDetailViewController.m in Sources */,
				BF4D127819BCB10800B7CF92 /* PCSessionTableViewController.m in Sources */,
				BF6FEFD719E0D7EB009F2A8A /* Conference.m in Sources */,
				BF9083EA19C72ECD008F286F /* PCSecondaryTitleCell.m in Sources */,
				BFE1F38819D327E4000569C9 /* PHPConf.xcdatamodeld in Sources */,
				BF6FEF8D19D9BAB3009F2A8A /* Version.m in Sources */,
				BF9083D819C71C59008F286F /* PCMainTitleCell.m in Sources */,
				BFBEC35119B8B76600AA41EA /* PCSessionListsViewController.m in Sources */,
				BF6FEFD419E0D7EB009F2A8A /* Sponsor.m in Sources */,
				BF9083DE19C720B8008F286F /* PCContentCell.m in Sources */,
				BF9083C819C535F6008F286F /* PCHUDManager.m in Sources */,
				BFE5E57E19BF40AF0014FB07 /* PCSessionCell.m in Sources */,
				BF6FEFDA19E0D7EB009F2A8A /* Speaker.m in Sources */,
				BFBEC35419B8B78A00AA41EA /* PCVenueMapsViewController.m in Sources */,
				BF6FEFC219E0D7EA009F2A8A /* Staff.m in Sources */,
				BF6FEFD119E0D7EB009F2A8A /* Session.m in Sources */,
				BF9083F619C87E39008F286F /* PCSessionVenueBDataSource.m in Sources */,
				BFB46A2319AB87A700922636 /* PCAppDelegate.m in Sources */,
				BF6FEFC519E0D7EA009F2A8A /* StaffDepartmentRelation.m in Sources */,
				BFE918F019AF73E5008925C3 /* PCDataSpecDefines.m in Sources */,
				BF6FEFDD19E0D7EB009F2A8A /* AppStaff.m in Sources */,
				BF9083E419C725F9008F286F /* PCInfoStaffViewController.m in Sources */,
				BF9083F319C87E02008F286F /* PCSessionVenueADataSource.m in Sources */,
				BF4902BE19AF848500071AF0 /* PCDefines.m in Sources */,
				BF6FEFCB19E0D7EB009F2A8A /* Department.m in Sources */,
				BF9083D419C5E869008F286F /* PCNewsCell.m in Sources */,
			);
			runOnlyForDeploymentPostprocessing = 0;
		};
		BFB46A2619AB87A700922636 /* Sources */ = {
			isa = PBXSourcesBuildPhase;
			buildActionMask = 2147483647;
			files = (
				BFB46A3819AB87A700922636 /* PHPConf2014Tests.m in Sources */,
			);
			runOnlyForDeploymentPostprocessing = 0;
		};
/* End PBXSourcesBuildPhase section */

/* Begin PBXTargetDependency section */
		BFB46A3019AB87A700922636 /* PBXTargetDependency */ = {
			isa = PBXTargetDependency;
			target = BFB46A0E19AB87A700922636 /* PHPConf2014 */;
			targetProxy = BFB46A2F19AB87A700922636 /* PBXContainerItemProxy */;
		};
/* End PBXTargetDependency section */

/* Begin PBXVariantGroup section */
		BFB46A1B19AB87A700922636 /* InfoPlist.strings */ = {
			isa = PBXVariantGroup;
			children = (
				BFB46A1C19AB87A700922636 /* en */,
			);
			name = InfoPlist.strings;
			sourceTree = "<group>";
		};
		BFB46A3419AB87A700922636 /* InfoPlist.strings */ = {
			isa = PBXVariantGroup;
			children = (
				BFB46A3519AB87A700922636 /* en */,
			);
			name = InfoPlist.strings;
			sourceTree = "<group>";
		};
/* End PBXVariantGroup section */

/* Begin XCBuildConfiguration section */
		BFB46A3919AB87A700922636 /* Debug */ = {
			isa = XCBuildConfiguration;
			buildSettings = {
				ALWAYS_SEARCH_USER_PATHS = NO;
				CLANG_CXX_LANGUAGE_STANDARD = "gnu++0x";
				CLANG_CXX_LIBRARY = "libc++";
				CLANG_ENABLE_MODULES = YES;
				CLANG_ENABLE_OBJC_ARC = YES;
				CLANG_WARN_BOOL_CONVERSION = YES;
				CLANG_WARN_CONSTANT_CONVERSION = YES;
				CLANG_WARN_DIRECT_OBJC_ISA_USAGE = YES_ERROR;
				CLANG_WARN_EMPTY_BODY = YES;
				CLANG_WARN_ENUM_CONVERSION = YES;
				CLANG_WARN_INT_CONVERSION = YES;
				CLANG_WARN_OBJC_ROOT_CLASS = YES_ERROR;
				CLANG_WARN__DUPLICATE_METHOD_MATCH = YES;
				"CODE_SIGN_IDENTITY[sdk=iphoneos*]" = "iPhone Developer";
				COPY_PHASE_STRIP = NO;
				GCC_C_LANGUAGE_STANDARD = gnu99;
				GCC_DYNAMIC_NO_PIC = NO;
				GCC_OPTIMIZATION_LEVEL = 0;
				GCC_PREPROCESSOR_DEFINITIONS = (
					"DEBUG=1",
					"$(inherited)",
				);
				GCC_SYMBOLS_PRIVATE_EXTERN = NO;
				GCC_WARN_64_TO_32_BIT_CONVERSION = YES;
				GCC_WARN_ABOUT_RETURN_TYPE = YES_ERROR;
				GCC_WARN_UNDECLARED_SELECTOR = YES;
				GCC_WARN_UNINITIALIZED_AUTOS = YES_AGGRESSIVE;
				GCC_WARN_UNUSED_FUNCTION = YES;
				GCC_WARN_UNUSED_VARIABLE = YES;
				IPHONEOS_DEPLOYMENT_TARGET = 7.1;
				ONLY_ACTIVE_ARCH = YES;
				SDKROOT = iphoneos;
			};
			name = Debug;
		};
		BFB46A3A19AB87A700922636 /* Release */ = {
			isa = XCBuildConfiguration;
			buildSettings = {
				ALWAYS_SEARCH_USER_PATHS = NO;
				CLANG_CXX_LANGUAGE_STANDARD = "gnu++0x";
				CLANG_CXX_LIBRARY = "libc++";
				CLANG_ENABLE_MODULES = YES;
				CLANG_ENABLE_OBJC_ARC = YES;
				CLANG_WARN_BOOL_CONVERSION = YES;
				CLANG_WARN_CONSTANT_CONVERSION = YES;
				CLANG_WARN_DIRECT_OBJC_ISA_USAGE = YES_ERROR;
				CLANG_WARN_EMPTY_BODY = YES;
				CLANG_WARN_ENUM_CONVERSION = YES;
				CLANG_WARN_INT_CONVERSION = YES;
				CLANG_WARN_OBJC_ROOT_CLASS = YES_ERROR;
				CLANG_WARN__DUPLICATE_METHOD_MATCH = YES;
				"CODE_SIGN_IDENTITY[sdk=iphoneos*]" = "iPhone Developer";
				COPY_PHASE_STRIP = YES;
				ENABLE_NS_ASSERTIONS = NO;
				GCC_C_LANGUAGE_STANDARD = gnu99;
				GCC_WARN_64_TO_32_BIT_CONVERSION = YES;
				GCC_WARN_ABOUT_RETURN_TYPE = YES_ERROR;
				GCC_WARN_UNDECLARED_SELECTOR = YES;
				GCC_WARN_UNINITIALIZED_AUTOS = YES_AGGRESSIVE;
				GCC_WARN_UNUSED_FUNCTION = YES;
				GCC_WARN_UNUSED_VARIABLE = YES;
				IPHONEOS_DEPLOYMENT_TARGET = 7.1;
				SDKROOT = iphoneos;
				VALIDATE_PRODUCT = YES;
			};
			name = Release;
		};
		BFB46A3C19AB87A700922636 /* Debug */ = {
			isa = XCBuildConfiguration;
			baseConfigurationReference = 20498DCA9BA64EF59BB0A95F /* Pods.xcconfig */;
			buildSettings = {
				ASSETCATALOG_COMPILER_APPICON_NAME = AppIcon;
				ASSETCATALOG_COMPILER_LAUNCHIMAGE_NAME = LaunchImage;
				CODE_SIGN_IDENTITY = "iPhone Developer";
				GCC_PRECOMPILE_PREFIX_HEADER = YES;
				GCC_PREFIX_HEADER = "PHPConf2014/PHPConf2014-Prefix.pch";
				INFOPLIST_FILE = "PHPConf2014/PHPConf2014-Info.plist";
				PRODUCT_NAME = "$(TARGET_NAME)";
				WRAPPER_EXTENSION = app;
			};
			name = Debug;
		};
		BFB46A3D19AB87A700922636 /* Release */ = {
			isa = XCBuildConfiguration;
			baseConfigurationReference = 20498DCA9BA64EF59BB0A95F /* Pods.xcconfig */;
			buildSettings = {
				ASSETCATALOG_COMPILER_APPICON_NAME = AppIcon;
				ASSETCATALOG_COMPILER_LAUNCHIMAGE_NAME = LaunchImage;
				CODE_SIGN_IDENTITY = "iPhone Developer";
				GCC_PRECOMPILE_PREFIX_HEADER = YES;
				GCC_PREFIX_HEADER = "PHPConf2014/PHPConf2014-Prefix.pch";
				INFOPLIST_FILE = "PHPConf2014/PHPConf2014-Info.plist";
				PRODUCT_NAME = "$(TARGET_NAME)";
				WRAPPER_EXTENSION = app;
			};
			name = Release;
		};
		BFB46A3F19AB87A700922636 /* Debug */ = {
			isa = XCBuildConfiguration;
			buildSettings = {
				BUNDLE_LOADER = "$(BUILT_PRODUCTS_DIR)/PHPConf2014.app/PHPConf2014";
				FRAMEWORK_SEARCH_PATHS = (
					"$(SDKROOT)/Developer/Library/Frameworks",
					"$(inherited)",
					"$(DEVELOPER_FRAMEWORKS_DIR)",
				);
				GCC_PRECOMPILE_PREFIX_HEADER = YES;
				GCC_PREFIX_HEADER = "PHPConf2014/PHPConf2014-Prefix.pch";
				GCC_PREPROCESSOR_DEFINITIONS = (
					"DEBUG=1",
					"$(inherited)",
				);
				INFOPLIST_FILE = "PHPConf2014Tests/PHPConf2014Tests-Info.plist";
				PRODUCT_NAME = "$(TARGET_NAME)";
				TEST_HOST = "$(BUNDLE_LOADER)";
				WRAPPER_EXTENSION = xctest;
			};
			name = Debug;
		};
		BFB46A4019AB87A700922636 /* Release */ = {
			isa = XCBuildConfiguration;
			buildSettings = {
				BUNDLE_LOADER = "$(BUILT_PRODUCTS_DIR)/PHPConf2014.app/PHPConf2014";
				FRAMEWORK_SEARCH_PATHS = (
					"$(SDKROOT)/Developer/Library/Frameworks",
					"$(inherited)",
					"$(DEVELOPER_FRAMEWORKS_DIR)",
				);
				GCC_PRECOMPILE_PREFIX_HEADER = YES;
				GCC_PREFIX_HEADER = "PHPConf2014/PHPConf2014-Prefix.pch";
				INFOPLIST_FILE = "PHPConf2014Tests/PHPConf2014Tests-Info.plist";
				PRODUCT_NAME = "$(TARGET_NAME)";
				TEST_HOST = "$(BUNDLE_LOADER)";
				WRAPPER_EXTENSION = xctest;
			};
			name = Release;
		};
/* End XCBuildConfiguration section */

/* Begin XCConfigurationList section */
		BFB46A0A19AB87A700922636 /* Build configuration list for PBXProject "PHPConf2014" */ = {
			isa = XCConfigurationList;
			buildConfigurations = (
				BFB46A3919AB87A700922636 /* Debug */,
				BFB46A3A19AB87A700922636 /* Release */,
			);
			defaultConfigurationIsVisible = 0;
			defaultConfigurationName = Release;
		};
		BFB46A3B19AB87A700922636 /* Build configuration list for PBXNativeTarget "PHPConf2014" */ = {
			isa = XCConfigurationList;
			buildConfigurations = (
				BFB46A3C19AB87A700922636 /* Debug */,
				BFB46A3D19AB87A700922636 /* Release */,
			);
			defaultConfigurationIsVisible = 0;
			defaultConfigurationName = Release;
		};
		BFB46A3E19AB87A700922636 /* Build configuration list for PBXNativeTarget "PHPConf2014Tests" */ = {
			isa = XCConfigurationList;
			buildConfigurations = (
				BFB46A3F19AB87A700922636 /* Debug */,
				BFB46A4019AB87A700922636 /* Release */,
			);
			defaultConfigurationIsVisible = 0;
			defaultConfigurationName = Release;
		};
/* End XCConfigurationList section */

/* Begin XCVersionGroup section */
		BFE1F38619D327E4000569C9 /* PHPConf.xcdatamodeld */ = {
			isa = XCVersionGroup;
			children = (
				BFE1F38719D327E4000569C9 /* PHPConf.xcdatamodel */,
			);
			currentVersion = BFE1F38719D327E4000569C9 /* PHPConf.xcdatamodel */;
			path = PHPConf.xcdatamodeld;
			sourceTree = "<group>";
			versionGroupType = wrapper.xcdatamodel;
		};
/* End XCVersionGroup section */
	};
	rootObject = BFB46A0719AB87A700922636 /* Project object */;
}
